
Microsoft Visual Studio Solution File, Format Version 12.00
# Visual Studio Version 17
VisualStudioVersion = 17.14.36301.6
MinimumVisualStudioVersion = 10.0.40219.1
Project("{FAE04EC0-301F-11D3-BF4B-00C04F79EFBC}") = "CinemaTask", "CinemaTask\CinemaTask.csproj", "{4FB28B74-D59B-4F85-925A-2273808A6686}"
EndProject
Global
	GlobalSection(SolutionConfigurationPlatforms) = preSolution
		Debug|Any CPU = Debug|Any CPU
		Release|Any CPU = Release|Any CPU
	EndGlobalSection
	GlobalSection(ProjectConfigurationPlatforms) = postSolution
		{4FB28B74-D59B-4F85-925A-2273808A6686}.Debug|Any CPU.ActiveCfg = Debug|Any CPU
		{4FB28B74-D59B-4F85-925A-2273808A6686}.Debug|Any CPU.Build.0 = Debug|Any CPU
		{4FB28B74-D59B-4F85-925A-2273808A6686}.Release|Any CPU.ActiveCfg = Release|Any CPU
		{4FB28B74-D59B-4F85-925A-2273808A6686}.Release|Any CPU.Build.0 = Release|Any CPU
	EndGlobalSection
	GlobalSection(SolutionProperties) = preSolution
		HideSolutionNode = FALSE
	EndGlobalSection
	GlobalSection(ExtensibilityGlobals) = postSolution
		SolutionGuid = {9ADB34D3-F3FD-4C1D-BA74-AC90959DE9C1}
	EndGlobalSection
EndGlobal
